
Microsoft Visual Studio Solution File, Format Version 12.00
# Visual Studio Version 17
VisualStudioVersion = 17.3.32804.467
MinimumVisualStudioVersion = 10.0.40219.1
Project("{9A19103F-16F7-4668-BE54-9A1E7A4F7556}") = "KampIntro", "KampIntro\KampIntro.csproj", "{60868257-1FD6-45FD-A59F-65E1194C31B5}"
EndProject
Project("{9A19103F-16F7-4668-BE54-9A1E7A4F7556}") = "Loops", "Loops\Loops.csproj", "{3C70C517-6E75-4DDC-9CF7-C271F010ADFA}"
EndProject
Project("{9A19103F-16F7-4668-BE54-9A1E7A4F7556}") = "ClassIntro", "ClassIntro\ClassIntro.csproj", "{9664B474-57AD-4242-8573-CA0616BBC71E}"
EndProject
Project("{9A19103F-16F7-4668-BE54-9A1E7A4F7556}") = "TrendYolListRecap", "TrendYolListProject\TrendYolListRecap.csproj", "{FAAB8222-D5B7-4B20-A29C-83D793BA95F8}"
EndProject
Project("{9A19103F-16F7-4668-BE54-9A1E7A4F7556}") = "Methods", "Methods\Methods.csproj", "{FAFDB3BA-0675-43BB-97D5-D4C6E6FC7F53}"
EndProject
Project("{9A19103F-16F7-4668-BE54-9A1E7A4F7556}") = "Math", "Math\Math.csproj", "{EA4CE69F-644B-4BF4-93B2-92D3C4CC6279}"
EndProject
Project("{9A19103F-16F7-4668-BE54-9A1E7A4F7556}") = "ValueandRefTypes", "ValueandRefTypes\ValueandRefTypes.csproj", "{C2FBCD20-86D2-4CC9-BB4B-B208F6DA1948}"
EndProject
Project("{9A19103F-16F7-4668-BE54-9A1E7A4F7556}") = "ClassMetotDemo", "ClassMetotDemo\ClassMetotDemo.csproj", "{916AFFAA-38A2-4408-9594-C45BAA071268}"
EndProject
Project("{9A19103F-16F7-4668-BE54-9A1E7A4F7556}") = "OOP1", "OOP1\OOP1.csproj", "{F30E109B-D7DA-4725-A529-6CC36EA99C5D}"
EndProject
Project("{9A19103F-16F7-4668-BE54-9A1E7A4F7556}") = "Collections", "Collections\Collections.csproj", "{8B3BA78C-0DBE-4EF6-B96E-654A6CE6DC2B}"
EndProject
Project("{9A19103F-16F7-4668-BE54-9A1E7A4F7556}") = "GenericsIntro", "GenericsIntro\GenericsIntro.csproj", "{81BFB384-8DB5-45FD-8054-D9913EF9A375}"
EndProject
Project("{9A19103F-16F7-4668-BE54-9A1E7A4F7556}") = "ReferenceType", "ReferenceType\ReferenceType.csproj", "{F7F43DD7-8016-4F17-B154-D9E63FB5C260}"
EndProject
Project("{9A19103F-16F7-4668-BE54-9A1E7A4F7556}") = "Constructor", "Constructor\Constructor.csproj", "{08591D10-5337-4DE7-9B53-586D605B464C}"
EndProject
Project("{9A19103F-16F7-4668-BE54-9A1E7A4F7556}") = "Dictionary", "Dictionary\Dictionary.csproj", "{E9963ADA-4C12-47F9-A5E9-674342AE29E8}"
EndProject
Project("{9A19103F-16F7-4668-BE54-9A1E7A4F7556}") = "OOP2", "OOP2\OOP2.csproj", "{157ED6D2-E03D-48DA-BD7A-0FADD4C34452}"
EndProject
Project("{9A19103F-16F7-4668-BE54-9A1E7A4F7556}") = "OOP3", "OOP3\OOP3.csproj", "{97D70B0B-5475-49AE-92FA-A257AC27B93C}"
EndProject
Project("{9A19103F-16F7-4668-BE54-9A1E7A4F7556}") = "GameLAB", "GameLAB\GameLAB.csproj", "{0DD47AC4-E23B-4CCD-88DC-6E031709EE30}"
EndProject
Project("{9A19103F-16F7-4668-BE54-9A1E7A4F7556}") = "CoffeeShopREG", "CoffeeShopREG\CoffeeShopREG.csproj", "{42DDC811-B191-4F1C-9E09-B4EF53DB74E0}"
EndProject
Project("{9A19103F-16F7-4668-BE54-9A1E7A4F7556}") = "GamePROJECT", "GamePROJECT\GamePROJECT.csproj", "{3C5AB839-29B8-48B3-94CB-DF8528E978EF}"
EndProject
Project("{FAE04EC0-301F-11D3-BF4B-00C04F79EFBC}") = "LinqProject", "LinqProject\LinqProject.csproj", "{0E3350A9-2929-4611-9348-BD9A46817763}"
EndProject
Global
	GlobalSection(SolutionConfigurationPlatforms) = preSolution
		Debug|Any CPU = Debug|Any CPU
		Release|Any CPU = Release|Any CPU
	EndGlobalSection
	GlobalSection(ProjectConfigurationPlatforms) = postSolution
		{60868257-1FD6-45FD-A59F-65E1194C31B5}.Debug|Any CPU.ActiveCfg = Debug|Any CPU
		{60868257-1FD6-45FD-A59F-65E1194C31B5}.Debug|Any CPU.Build.0 = Debug|Any CPU
		{60868257-1FD6-45FD-A59F-65E1194C31B5}.Release|Any CPU.ActiveCfg = Release|Any CPU
		{60868257-1FD6-45FD-A59F-65E1194C31B5}.Release|Any CPU.Build.0 = Release|Any CPU
		{3C70C517-6E75-4DDC-9CF7-C271F010ADFA}.Debug|Any CPU.ActiveCfg = Debug|Any CPU
		{3C70C517-6E75-4DDC-9CF7-C271F010ADFA}.Debug|Any CPU.Build.0 = Debug|Any CPU
		{3C70C517-6E75-4DDC-9CF7-C271F010ADFA}.Release|Any CPU.ActiveCfg = Release|Any CPU
		{3C70C517-6E75-4DDC-9CF7-C271F010ADFA}.Release|Any CPU.Build.0 = Release|Any CPU
		{9664B474-57AD-4242-8573-CA0616BBC71E}.Debug|Any CPU.ActiveCfg = Debug|Any CPU
		{9664B474-57AD-4242-8573-CA0616BBC71E}.Debug|Any CPU.Build.0 = Debug|Any CPU
		{9664B474-57AD-4242-8573-CA0616BBC71E}.Release|Any CPU.ActiveCfg = Release|Any CPU
		{9664B474-57AD-4242-8573-CA0616BBC71E}.Release|Any CPU.Build.0 = Release|Any CPU
		{FAAB8222-D5B7-4B20-A29C-83D793BA95F8}.Debug|Any CPU.ActiveCfg = Debug|Any CPU
		{FAAB8222-D5B7-4B20-A29C-83D793BA95F8}.Debug|Any CPU.Build.0 = Debug|Any CPU
		{FAAB8222-D5B7-4B20-A29C-83D793BA95F8}.Release|Any CPU.ActiveCfg = Release|Any CPU
		{FAAB8222-D5B7-4B20-A29C-83D793BA95F8}.Release|Any CPU.Build.0 = Release|Any CPU
		{FAFDB3BA-0675-43BB-97D5-D4C6E6FC7F53}.Debug|Any CPU.ActiveCfg = Debug|Any CPU
		{FAFDB3BA-0675-43BB-97D5-D4C6E6FC7F53}.Debug|Any CPU.Build.0 = Debug|Any CPU
		{FAFDB3BA-0675-43BB-97D5-D4C6E6FC7F53}.Release|Any CPU.ActiveCfg = Release|Any CPU
		{FAFDB3BA-0675-43BB-97D5-D4C6E6FC7F53}.Release|Any CPU.Build.0 = Release|Any CPU
		{EA4CE69F-644B-4BF4-93B2-92D3C4CC6279}.Debug|Any CPU.ActiveCfg = Debug|Any CPU
		{EA4CE69F-644B-4BF4-93B2-92D3C4CC6279}.Debug|Any CPU.Build.0 = Debug|Any CPU
		{EA4CE69F-644B-4BF4-93B2-92D3C4CC6279}.Release|Any CPU.ActiveCfg = Release|Any CPU
		{EA4CE69F-644B-4BF4-93B2-92D3C4CC6279}.Release|Any CPU.Build.0 = Release|Any CPU
		{C2FBCD20-86D2-4CC9-BB4B-B208F6DA1948}.Debug|Any CPU.ActiveCfg = Debug|Any CPU
		{C2FBCD20-86D2-4CC9-BB4B-B208F6DA1948}.Debug|Any CPU.Build.0 = Debug|Any CPU
		{C2FBCD20-86D2-4CC9-BB4B-B208F6DA1948}.Release|Any CPU.ActiveCfg = Release|Any CPU
		{C2FBCD20-86D2-4CC9-BB4B-B208F6DA1948}.Release|Any CPU.Build.0 = Release|Any CPU
		{916AFFAA-38A2-4408-9594-C45BAA071268}.Debug|Any CPU.ActiveCfg = Debug|Any CPU
		{916AFFAA-38A2-4408-9594-C45BAA071268}.Debug|Any CPU.Build.0 = Debug|Any CPU
		{916AFFAA-38A2-4408-9594-C45BAA071268}.Release|Any CPU.ActiveCfg = Release|Any CPU
		{916AFFAA-38A2-4408-9594-C45BAA071268}.Release|Any CPU.Build.0 = Release|Any CPU
		{F30E109B-D7DA-4725-A529-6CC36EA99C5D}.Debug|Any CPU.ActiveCfg = Debug|Any CPU
		{F30E109B-D7DA-4725-A529-6CC36EA99C5D}.Debug|Any CPU.Build.0 = Debug|Any CPU
		{F30E109B-D7DA-4725-A529-6CC36EA99C5D}.Release|Any CPU.ActiveCfg = Release|Any CPU
		{F30E109B-D7DA-4725-A529-6CC36EA99C5D}.Release|Any CPU.Build.0 = Release|Any CPU
		{8B3BA78C-0DBE-4EF6-B96E-654A6CE6DC2B}.Debug|Any CPU.ActiveCfg = Debug|Any CPU
		{8B3BA78C-0DBE-4EF6-B96E-654A6CE6DC2B}.Debug|Any CPU.Build.0 = Debug|Any CPU
		{8B3BA78C-0DBE-4EF6-B96E-654A6CE6DC2B}.Release|Any CPU.ActiveCfg = Release|Any CPU
		{8B3BA78C-0DBE-4EF6-B96E-654A6CE6DC2B}.Release|Any CPU.Build.0 = Release|Any CPU
		{81BFB384-8DB5-45FD-8054-D9913EF9A375}.Debug|Any CPU.ActiveCfg = Debug|Any CPU
		{81BFB384-8DB5-45FD-8054-D9913EF9A375}.Debug|Any CPU.Build.0 = Debug|Any CPU
		{81BFB384-8DB5-45FD-8054-D9913EF9A375}.Release|Any CPU.ActiveCfg = Release|Any CPU
		{81BFB384-8DB5-45FD-8054-D9913EF9A375}.Release|Any CPU.Build.0 = Release|Any CPU
		{F7F43DD7-8016-4F17-B154-D9E63FB5C260}.Debug|Any CPU.ActiveCfg = Debug|Any CPU
		{F7F43DD7-8016-4F17-B154-D9E63FB5C260}.Debug|Any CPU.Build.0 = Debug|Any CPU
		{F7F43DD7-8016-4F17-B154-D9E63FB5C260}.Release|Any CPU.ActiveCfg = Release|Any CPU
		{F7F43DD7-8016-4F17-B154-D9E63FB5C260}.Release|Any CPU.Build.0 = Release|Any CPU
		{08591D10-5337-4DE7-9B53-586D605B464C}.Debug|Any CPU.ActiveCfg = Debug|Any CPU
		{08591D10-5337-4DE7-9B53-586D605B464C}.Debug|Any CPU.Build.0 = Debug|Any CPU
		{08591D10-5337-4DE7-9B53-586D605B464C}.Release|Any CPU.ActiveCfg = Release|Any CPU
		{08591D10-5337-4DE7-9B53-586D605B464C}.Release|Any CPU.Build.0 = Release|Any CPU
		{E9963ADA-4C12-47F9-A5E9-674342AE29E8}.Debug|Any CPU.ActiveCfg = Debug|Any CPU
		{E9963ADA-4C12-47F9-A5E9-674342AE29E8}.Debug|Any CPU.Build.0 = Debug|Any CPU
		{E9963ADA-4C12-47F9-A5E9-674342AE29E8}.Release|Any CPU.ActiveCfg = Release|Any CPU
		{E9963ADA-4C12-47F9-A5E9-674342AE29E8}.Release|Any CPU.Build.0 = Release|Any CPU
		{157ED6D2-E03D-48DA-BD7A-0FADD4C34452}.Debug|Any CPU.ActiveCfg = Debug|Any CPU
		{157ED6D2-E03D-48DA-BD7A-0FADD4C34452}.Debug|Any CPU.Build.0 = Debug|Any CPU
		{157ED6D2-E03D-48DA-BD7A-0FADD4C34452}.Release|Any CPU.ActiveCfg = Release|Any CPU
		{157ED6D2-E03D-48DA-BD7A-0FADD4C34452}.Release|Any CPU.Build.0 = Release|Any CPU
		{97D70B0B-5475-49AE-92FA-A257AC27B93C}.Debug|Any CPU.ActiveCfg = Debug|Any CPU
		{97D70B0B-5475-49AE-92FA-A257AC27B93C}.Debug|Any CPU.Build.0 = Debug|Any CPU
		{97D70B0B-5475-49AE-92FA-A257AC27B93C}.Release|Any CPU.ActiveCfg = Release|Any CPU
		{97D70B0B-5475-49AE-92FA-A257AC27B93C}.Release|Any CPU.Build.0 = Release|Any CPU
		{0DD47AC4-E23B-4CCD-88DC-6E031709EE30}.Debug|Any CPU.ActiveCfg = Debug|Any CPU
		{0DD47AC4-E23B-4CCD-88DC-6E031709EE30}.Debug|Any CPU.Build.0 = Debug|Any CPU
		{0DD47AC4-E23B-4CCD-88DC-6E031709EE30}.Release|Any CPU.ActiveCfg = Release|Any CPU
		{0DD47AC4-E23B-4CCD-88DC-6E031709EE30}.Release|Any CPU.Build.0 = Release|Any CPU
		{42DDC811-B191-4F1C-9E09-B4EF53DB74E0}.Debug|Any CPU.ActiveCfg = Debug|Any CPU
		{42DDC811-B191-4F1C-9E09-B4EF53DB74E0}.Debug|Any CPU.Build.0 = Debug|Any CPU
		{42DDC811-B191-4F1C-9E09-B4EF53DB74E0}.Release|Any CPU.ActiveCfg = Release|Any CPU
		{42DDC811-B191-4F1C-9E09-B4EF53DB74E0}.Release|Any CPU.Build.0 = Release|Any CPU
		{3C5AB839-29B8-48B3-94CB-DF8528E978EF}.Debug|Any CPU.ActiveCfg = Debug|Any CPU
		{3C5AB839-29B8-48B3-94CB-DF8528E978EF}.Debug|Any CPU.Build.0 = Debug|Any CPU
		{3C5AB839-29B8-48B3-94CB-DF8528E978EF}.Release|Any CPU.ActiveCfg = Release|Any CPU
		{3C5AB839-29B8-48B3-94CB-DF8528E978EF}.Release|Any CPU.Build.0 = Release|Any CPU
		{0E3350A9-2929-4611-9348-BD9A46817763}.Debug|Any CPU.ActiveCfg = Debug|Any CPU
		{0E3350A9-2929-4611-9348-BD9A46817763}.Debug|Any CPU.Build.0 = Debug|Any CPU
		{0E3350A9-2929-4611-9348-BD9A46817763}.Release|Any CPU.ActiveCfg = Release|Any CPU
		{0E3350A9-2929-4611-9348-BD9A46817763}.Release|Any CPU.Build.0 = Release|Any CPU
	EndGlobalSection
	GlobalSection(SolutionProperties) = preSolution
		HideSolutionNode = FALSE
	EndGlobalSection
	GlobalSection(ExtensibilityGlobals) = postSolution
		SolutionGuid = {1F79F79D-D143-4420-B4A9-36F3F883F832}
	EndGlobalSection
EndGlobal
